{
  "requires": true,
  "lockfileVersion": 1,
  "dependencies": {
    "react-native-safe-area-context": {
      "version": "0.7.3",
      "resolved": "https://registry.npmjs.org/react-native-safe-area-context/-/react-native-safe-area-context-0.7.3.tgz",
      "integrity": "sha512-9Uqu1vlXPi+2cKW/CW6OnHxA76mWC4kF3wvlqzq4DY8hn37AeiXtLFs2WkxH4yXQRrnJdP6ivc65Lz+MqwRZAA=="
    }
  }
}
